
Microsoft Visual Studio Solution File, Format Version 12.00
# Visual Studio Version 17
VisualStudioVersion = 17.8.34330.188
MinimumVisualStudioVersion = 10.0.40219.1
Project("{9A19103F-16F7-4668-BE54-9A1E7A4F7556}") = "DataAccess", "DataAccess\DataAccess.csproj", "{10926C43-6194-4B36-A363-D5CEAA81DFA8}"
EndProject
Project("{9A19103F-16F7-4668-BE54-9A1E7A4F7556}") = "StartConsoleApp", "StartConsoleApp\StartConsoleApp.csproj", "{8A170239-A095-4344-8E05-07C4F5B50EA8}"
EndProject
Project("{9A19103F-16F7-4668-BE54-9A1E7A4F7556}") = "Benchmark.ConsoleApp", "Benchmark.ConsoleApp\Benchmark.ConsoleApp.csproj", "{B99B11A2-C664-4DC9-912E-FAB284AE8BE1}"
EndProject
Project("{9A19103F-16F7-4668-BE54-9A1E7A4F7556}") = "AsNoTracking", "AsNoTracking\AsNoTracking.csproj", "{BE2B1594-B2BF-4974-8D7D-C122024CD783}"
EndProject
Project("{9A19103F-16F7-4668-BE54-9A1E7A4F7556}") = "SingleOrUnique", "SingleOrUnique\SingleOrUnique.csproj", "{9E5D4590-9B16-47B7-9E40-56B534852EBB}"
EndProject
Project("{9A19103F-16F7-4668-BE54-9A1E7A4F7556}") = "Pagination", "Pagination\Pagination.csproj", "{3EE10E51-EFC6-4681-A285-A71924EA66E2}"
EndProject
Project("{9A19103F-16F7-4668-BE54-9A1E7A4F7556}") = "Asenkron", "Asenkron\Asenkron.csproj", "{9EEA51E0-694A-448C-83D3-5D83D35D456B}"
EndProject
Project("{9A19103F-16F7-4668-BE54-9A1E7A4F7556}") = "CancellationTokenAPI", "CancellationTokenAPI\CancellationTokenAPI.csproj", "{52176E2A-CA61-4BA8-ADFA-1F4440A6DB0A}"
EndProject
Project("{9A19103F-16F7-4668-BE54-9A1E7A4F7556}") = "ErrorLog", "ErrorLog\ErrorLog.csproj", "{E8D20C17-35BC-4644-9B7F-A1C5C4F762ED}"
EndProject
Project("{9A19103F-16F7-4668-BE54-9A1E7A4F7556}") = "IQueryable", "IQueryable\IQueryable.csproj", "{73367EE5-6788-45A4-BAB1-81DD661BD0A5}"
EndProject
Project("{9A19103F-16F7-4668-BE54-9A1E7A4F7556}") = "Record", "Record\Record.csproj", "{8D276CE9-71E7-44E6-8D16-DB2062A92686}"
EndProject
Project("{9A19103F-16F7-4668-BE54-9A1E7A4F7556}") = "PerformansLog", "PerformansLog\PerformansLog.csproj", "{6EF3DB76-43AB-4E60-8FD7-E136E7E93ACD}"
EndProject
Project("{9A19103F-16F7-4668-BE54-9A1E7A4F7556}") = "AsReadOnly", "AsReadOnly\AsReadOnly.csproj", "{2B3C3175-4ACB-4D2A-8447-5BE66E62FA9B}"
EndProject
Project("{9A19103F-16F7-4668-BE54-9A1E7A4F7556}") = "AnyAllMethod", "AnyAllMethod\AnyAllMethod.csproj", "{FDCA05B7-7446-40B6-AE64-D92E0DDA90F1}"
EndProject
Project("{9A19103F-16F7-4668-BE54-9A1E7A4F7556}") = "EagerLazyLoading", "EagerLazyLoading\EagerLazyLoading.csproj", "{C973BC13-9119-4FDD-B2C8-B764A8578DBF}"
EndProject
Project("{FAE04EC0-301F-11D3-BF4B-00C04F79EFBC}") = "AuthorizationAPI", "AuthorizationAPI\AuthorizationAPI.csproj", "{8E741201-7A1E-4BB4-A466-A6DE8EE8D798}"
EndProject
Global
	GlobalSection(SolutionConfigurationPlatforms) = preSolution
		Debug|Any CPU = Debug|Any CPU
		Release|Any CPU = Release|Any CPU
	EndGlobalSection
	GlobalSection(ProjectConfigurationPlatforms) = postSolution
		{10926C43-6194-4B36-A363-D5CEAA81DFA8}.Debug|Any CPU.ActiveCfg = Debug|Any CPU
		{10926C43-6194-4B36-A363-D5CEAA81DFA8}.Debug|Any CPU.Build.0 = Debug|Any CPU
		{10926C43-6194-4B36-A363-D5CEAA81DFA8}.Release|Any CPU.ActiveCfg = Release|Any CPU
		{10926C43-6194-4B36-A363-D5CEAA81DFA8}.Release|Any CPU.Build.0 = Release|Any CPU
		{8A170239-A095-4344-8E05-07C4F5B50EA8}.Debug|Any CPU.ActiveCfg = Debug|Any CPU
		{8A170239-A095-4344-8E05-07C4F5B50EA8}.Debug|Any CPU.Build.0 = Debug|Any CPU
		{8A170239-A095-4344-8E05-07C4F5B50EA8}.Release|Any CPU.ActiveCfg = Release|Any CPU
		{8A170239-A095-4344-8E05-07C4F5B50EA8}.Release|Any CPU.Build.0 = Release|Any CPU
		{B99B11A2-C664-4DC9-912E-FAB284AE8BE1}.Debug|Any CPU.ActiveCfg = Debug|Any CPU
		{B99B11A2-C664-4DC9-912E-FAB284AE8BE1}.Debug|Any CPU.Build.0 = Debug|Any CPU
		{B99B11A2-C664-4DC9-912E-FAB284AE8BE1}.Release|Any CPU.ActiveCfg = Release|Any CPU
		{B99B11A2-C664-4DC9-912E-FAB284AE8BE1}.Release|Any CPU.Build.0 = Release|Any CPU
		{BE2B1594-B2BF-4974-8D7D-C122024CD783}.Debug|Any CPU.ActiveCfg = Debug|Any CPU
		{BE2B1594-B2BF-4974-8D7D-C122024CD783}.Debug|Any CPU.Build.0 = Debug|Any CPU
		{BE2B1594-B2BF-4974-8D7D-C122024CD783}.Release|Any CPU.ActiveCfg = Release|Any CPU
		{BE2B1594-B2BF-4974-8D7D-C122024CD783}.Release|Any CPU.Build.0 = Release|Any CPU
		{9E5D4590-9B16-47B7-9E40-56B534852EBB}.Debug|Any CPU.ActiveCfg = Debug|Any CPU
		{9E5D4590-9B16-47B7-9E40-56B534852EBB}.Debug|Any CPU.Build.0 = Debug|Any CPU
		{9E5D4590-9B16-47B7-9E40-56B534852EBB}.Release|Any CPU.ActiveCfg = Release|Any CPU
		{9E5D4590-9B16-47B7-9E40-56B534852EBB}.Release|Any CPU.Build.0 = Release|Any CPU
		{3EE10E51-EFC6-4681-A285-A71924EA66E2}.Debug|Any CPU.ActiveCfg = Debug|Any CPU
		{3EE10E51-EFC6-4681-A285-A71924EA66E2}.Debug|Any CPU.Build.0 = Debug|Any CPU
		{3EE10E51-EFC6-4681-A285-A71924EA66E2}.Release|Any CPU.ActiveCfg = Release|Any CPU
		{3EE10E51-EFC6-4681-A285-A71924EA66E2}.Release|Any CPU.Build.0 = Release|Any CPU
		{9EEA51E0-694A-448C-83D3-5D83D35D456B}.Debug|Any CPU.ActiveCfg = Debug|Any CPU
		{9EEA51E0-694A-448C-83D3-5D83D35D456B}.Debug|Any CPU.Build.0 = Debug|Any CPU
		{9EEA51E0-694A-448C-83D3-5D83D35D456B}.Release|Any CPU.ActiveCfg = Release|Any CPU
		{9EEA51E0-694A-448C-83D3-5D83D35D456B}.Release|Any CPU.Build.0 = Release|Any CPU
		{52176E2A-CA61-4BA8-ADFA-1F4440A6DB0A}.Debug|Any CPU.ActiveCfg = Debug|Any CPU
		{52176E2A-CA61-4BA8-ADFA-1F4440A6DB0A}.Debug|Any CPU.Build.0 = Debug|Any CPU
		{52176E2A-CA61-4BA8-ADFA-1F4440A6DB0A}.Release|Any CPU.ActiveCfg = Release|Any CPU
		{52176E2A-CA61-4BA8-ADFA-1F4440A6DB0A}.Release|Any CPU.Build.0 = Release|Any CPU
		{E8D20C17-35BC-4644-9B7F-A1C5C4F762ED}.Debug|Any CPU.ActiveCfg = Debug|Any CPU
		{E8D20C17-35BC-4644-9B7F-A1C5C4F762ED}.Debug|Any CPU.Build.0 = Debug|Any CPU
		{E8D20C17-35BC-4644-9B7F-A1C5C4F762ED}.Release|Any CPU.ActiveCfg = Release|Any CPU
		{E8D20C17-35BC-4644-9B7F-A1C5C4F762ED}.Release|Any CPU.Build.0 = Release|Any CPU
		{73367EE5-6788-45A4-BAB1-81DD661BD0A5}.Debug|Any CPU.ActiveCfg = Debug|Any CPU
		{73367EE5-6788-45A4-BAB1-81DD661BD0A5}.Debug|Any CPU.Build.0 = Debug|Any CPU
		{73367EE5-6788-45A4-BAB1-81DD661BD0A5}.Release|Any CPU.ActiveCfg = Release|Any CPU
		{73367EE5-6788-45A4-BAB1-81DD661BD0A5}.Release|Any CPU.Build.0 = Release|Any CPU
		{8D276CE9-71E7-44E6-8D16-DB2062A92686}.Debug|Any CPU.ActiveCfg = Debug|Any CPU
		{8D276CE9-71E7-44E6-8D16-DB2062A92686}.Debug|Any CPU.Build.0 = Debug|Any CPU
		{8D276CE9-71E7-44E6-8D16-DB2062A92686}.Release|Any CPU.ActiveCfg = Release|Any CPU
		{8D276CE9-71E7-44E6-8D16-DB2062A92686}.Release|Any CPU.Build.0 = Release|Any CPU
		{6EF3DB76-43AB-4E60-8FD7-E136E7E93ACD}.Debug|Any CPU.ActiveCfg = Debug|Any CPU
		{6EF3DB76-43AB-4E60-8FD7-E136E7E93ACD}.Debug|Any CPU.Build.0 = Debug|Any CPU
		{6EF3DB76-43AB-4E60-8FD7-E136E7E93ACD}.Release|Any CPU.ActiveCfg = Release|Any CPU
		{6EF3DB76-43AB-4E60-8FD7-E136E7E93ACD}.Release|Any CPU.Build.0 = Release|Any CPU
		{2B3C3175-4ACB-4D2A-8447-5BE66E62FA9B}.Debug|Any CPU.ActiveCfg = Debug|Any CPU
		{2B3C3175-4ACB-4D2A-8447-5BE66E62FA9B}.Debug|Any CPU.Build.0 = Debug|Any CPU
		{2B3C3175-4ACB-4D2A-8447-5BE66E62FA9B}.Release|Any CPU.ActiveCfg = Release|Any CPU
		{2B3C3175-4ACB-4D2A-8447-5BE66E62FA9B}.Release|Any CPU.Build.0 = Release|Any CPU
		{FDCA05B7-7446-40B6-AE64-D92E0DDA90F1}.Debug|Any CPU.ActiveCfg = Debug|Any CPU
		{FDCA05B7-7446-40B6-AE64-D92E0DDA90F1}.Debug|Any CPU.Build.0 = Debug|Any CPU
		{FDCA05B7-7446-40B6-AE64-D92E0DDA90F1}.Release|Any CPU.ActiveCfg = Release|Any CPU
		{FDCA05B7-7446-40B6-AE64-D92E0DDA90F1}.Release|Any CPU.Build.0 = Release|Any CPU
		{C973BC13-9119-4FDD-B2C8-B764A8578DBF}.Debug|Any CPU.ActiveCfg = Debug|Any CPU
		{C973BC13-9119-4FDD-B2C8-B764A8578DBF}.Debug|Any CPU.Build.0 = Debug|Any CPU
		{C973BC13-9119-4FDD-B2C8-B764A8578DBF}.Release|Any CPU.ActiveCfg = Release|Any CPU
		{C973BC13-9119-4FDD-B2C8-B764A8578DBF}.Release|Any CPU.Build.0 = Release|Any CPU
		{8E741201-7A1E-4BB4-A466-A6DE8EE8D798}.Debug|Any CPU.ActiveCfg = Debug|Any CPU
		{8E741201-7A1E-4BB4-A466-A6DE8EE8D798}.Debug|Any CPU.Build.0 = Debug|Any CPU
		{8E741201-7A1E-4BB4-A466-A6DE8EE8D798}.Release|Any CPU.ActiveCfg = Release|Any CPU
		{8E741201-7A1E-4BB4-A466-A6DE8EE8D798}.Release|Any CPU.Build.0 = Release|Any CPU
	EndGlobalSection
	GlobalSection(SolutionProperties) = preSolution
		HideSolutionNode = FALSE
	EndGlobalSection
	GlobalSection(ExtensibilityGlobals) = postSolution
		SolutionGuid = {00F922AB-AA76-4CA2-8962-697C1B3E32DE}
	EndGlobalSection
EndGlobal
