
Microsoft Visual Studio Solution File, Format Version 12.00
# Visual Studio Version 17
VisualStudioVersion = 17.9.34616.47
MinimumVisualStudioVersion = 10.0.40219.1
Project("{FAE04EC0-301F-11D3-BF4B-00C04F79EFBC}") = "ToDoAppNTier.UI", "ToDoAppNTier.UI\ToDoAppNTier.UI.csproj", "{AC139A8E-D2AA-4971-9DBE-AABC6DBBCFCD}"
EndProject
Project("{FAE04EC0-301F-11D3-BF4B-00C04F79EFBC}") = "ToDoAppNTier.DataAccess", "ToDoAppNTier.DataAccess\ToDoAppNTier.DataAccess.csproj", "{726679FA-4914-42CE-A714-22AEDCCB2435}"
EndProject
Project("{FAE04EC0-301F-11D3-BF4B-00C04F79EFBC}") = "ToDoAppNTier.Business", "ToDoAppNTier.Business\ToDoAppNTier.Business.csproj", "{25D4D0AC-891D-4906-9025-CA262C2D1B92}"
EndProject
Project("{FAE04EC0-301F-11D3-BF4B-00C04F79EFBC}") = "ToDoAppNTier.Entities", "ToDoAppNTier.Entities\ToDoAppNTier.Entities.csproj", "{83357263-57C9-4DAE-92D2-F95AE5F8AC44}"
EndProject
Project("{FAE04EC0-301F-11D3-BF4B-00C04F79EFBC}") = "ToDoAppNTier.Dtos", "ToDoAppNTier.Dtos\ToDoAppNTier.Dtos.csproj", "{223591C5-93B6-4895-B9DE-0A963D889F09}"
EndProject
Global
	GlobalSection(SolutionConfigurationPlatforms) = preSolution
		Debug|Any CPU = Debug|Any CPU
		Release|Any CPU = Release|Any CPU
	EndGlobalSection
	GlobalSection(ProjectConfigurationPlatforms) = postSolution
		{AC139A8E-D2AA-4971-9DBE-AABC6DBBCFCD}.Debug|Any CPU.ActiveCfg = Debug|Any CPU
		{AC139A8E-D2AA-4971-9DBE-AABC6DBBCFCD}.Debug|Any CPU.Build.0 = Debug|Any CPU
		{AC139A8E-D2AA-4971-9DBE-AABC6DBBCFCD}.Release|Any CPU.ActiveCfg = Release|Any CPU
		{AC139A8E-D2AA-4971-9DBE-AABC6DBBCFCD}.Release|Any CPU.Build.0 = Release|Any CPU
		{726679FA-4914-42CE-A714-22AEDCCB2435}.Debug|Any CPU.ActiveCfg = Debug|Any CPU
		{726679FA-4914-42CE-A714-22AEDCCB2435}.Debug|Any CPU.Build.0 = Debug|Any CPU
		{726679FA-4914-42CE-A714-22AEDCCB2435}.Release|Any CPU.ActiveCfg = Release|Any CPU
		{726679FA-4914-42CE-A714-22AEDCCB2435}.Release|Any CPU.Build.0 = Release|Any CPU
		{25D4D0AC-891D-4906-9025-CA262C2D1B92}.Debug|Any CPU.ActiveCfg = Debug|Any CPU
		{25D4D0AC-891D-4906-9025-CA262C2D1B92}.Debug|Any CPU.Build.0 = Debug|Any CPU
		{25D4D0AC-891D-4906-9025-CA262C2D1B92}.Release|Any CPU.ActiveCfg = Release|Any CPU
		{25D4D0AC-891D-4906-9025-CA262C2D1B92}.Release|Any CPU.Build.0 = Release|Any CPU
		{83357263-57C9-4DAE-92D2-F95AE5F8AC44}.Debug|Any CPU.ActiveCfg = Debug|Any CPU
		{83357263-57C9-4DAE-92D2-F95AE5F8AC44}.Debug|Any CPU.Build.0 = Debug|Any CPU
		{83357263-57C9-4DAE-92D2-F95AE5F8AC44}.Release|Any CPU.ActiveCfg = Release|Any CPU
		{83357263-57C9-4DAE-92D2-F95AE5F8AC44}.Release|Any CPU.Build.0 = Release|Any CPU
		{223591C5-93B6-4895-B9DE-0A963D889F09}.Debug|Any CPU.ActiveCfg = Debug|Any CPU
		{223591C5-93B6-4895-B9DE-0A963D889F09}.Debug|Any CPU.Build.0 = Debug|Any CPU
		{223591C5-93B6-4895-B9DE-0A963D889F09}.Release|Any CPU.ActiveCfg = Release|Any CPU
		{223591C5-93B6-4895-B9DE-0A963D889F09}.Release|Any CPU.Build.0 = Release|Any CPU
	EndGlobalSection
	GlobalSection(SolutionProperties) = preSolution
		HideSolutionNode = FALSE
	EndGlobalSection
	GlobalSection(ExtensibilityGlobals) = postSolution
		SolutionGuid = {F24E598D-94DC-4921-9692-90E7C83D0913}
	EndGlobalSection
EndGlobal
